
Microsoft Visual Studio Solution File, Format Version 11.00
# Visual Studio 2010
Project("{FAE04EC0-301F-11D3-BF4B-00C04F79EFBC}") = "EucaServiceLibrary", "EucaServiceLibrary\EucaServiceLibrary.csproj", "{A0597B9F-13DE-4313-BEF3-99E923FA8B0D}"
EndProject
Project("{FAE04EC0-301F-11D3-BF4B-00C04F79EFBC}") = "EucaWindowsService", "EucaWindowsService\EucaWindowsService.csproj", "{852D8D80-2DC1-43AB-8CEE-A621FB8D0544}"
EndProject
Project("{54435603-DBB4-11D2-8724-00A0C9A8B90C}") = "EucalyptusPackage", "EucalyptusPackage\EucalyptusPackage.vdproj", "{792BB930-74C4-4C2E-9845-2FC1EDEF781C}"
EndProject
Project("{2150E333-8FDC-42A3-9474-1A3956D46DE8}") = "Solution Items", "Solution Items", "{16A473FD-7DFB-4ABB-BD17-8ADB68269933}"
	ProjectSection(SolutionItems) = preProject
		license.txt = license.txt
		version.txt = version.txt
	EndProjectSection
EndProject
Project("{FAE04EC0-301F-11D3-BF4B-00C04F79EFBC}") = "PostInstallation", "PostInstallation\PostInstallation.csproj", "{EFAF0229-36F5-4BB2-84E2-716D070C3A6F}"
EndProject
Project("{FAE04EC0-301F-11D3-BF4B-00C04F79EFBC}") = "AdminGUI", "AdminGUI\AdminGUI.csproj", "{436145C7-7050-4ABA-9A89-B588958FF4CF}"
EndProject
Project("{FAE04EC0-301F-11D3-BF4B-00C04F79EFBC}") = "AdminGUIExecutor", "AdminGUIExecutor\AdminGUIExecutor.csproj", "{E3242697-9AEC-4EA2-B97B-A95666DA10A7}"
EndProject
Project("{FAE04EC0-301F-11D3-BF4B-00C04F79EFBC}") = "EucaCLI", "EucaCLI\EucaCLI.csproj", "{F32D2512-5F82-484E-8A7E-1E2A91A91B7C}"
EndProject
Project("{FAE04EC0-301F-11D3-BF4B-00C04F79EFBC}") = "XenPVInstallerLauncher", "XenPVInstallerLauncher\XenPVInstallerLauncher.csproj", "{B13C38A2-E3F7-4839-9832-B0676C2F5A55}"
EndProject
Project("{FAE04EC0-301F-11D3-BF4B-00C04F79EFBC}") = "EucaCommon", "EucaCommon\Utility\EucaCommon.csproj", "{0DD04696-FBCD-4F70-BEA6-BF9B147F78FE}"
EndProject
Project("{FAE04EC0-301F-11D3-BF4B-00C04F79EFBC}") = "CloudInit", "CloudInit\CloudInit.csproj", "{60446531-0D0B-4CB4-B1C3-69F3D5AB108D}"
EndProject
Project("{FAE04EC0-301F-11D3-BF4B-00C04F79EFBC}") = "CloudInitTester", "CloudInitTester\CloudInitTester.csproj", "{17DE0574-E07D-4687-937F-0643C6DEA7B9}"
EndProject
Project("{FAE04EC0-301F-11D3-BF4B-00C04F79EFBC}") = "HelloWorld", "HelloWorld\HelloWorld.csproj", "{03FD0CB2-EA91-41F5-B990-E4E4D8BE4E6A}"
EndProject
Global
	GlobalSection(SolutionConfigurationPlatforms) = preSolution
		CD_ROM|Any CPU = CD_ROM|Any CPU
		CD_ROM|Mixed Platforms = CD_ROM|Mixed Platforms
		CD_ROM|x64 = CD_ROM|x64
		CD_ROM|x86 = CD_ROM|x86
		Debug|Any CPU = Debug|Any CPU
		Debug|Mixed Platforms = Debug|Mixed Platforms
		Debug|x64 = Debug|x64
		Debug|x86 = Debug|x86
		DVD-5|Any CPU = DVD-5|Any CPU
		DVD-5|Mixed Platforms = DVD-5|Mixed Platforms
		DVD-5|x64 = DVD-5|x64
		DVD-5|x86 = DVD-5|x86
		Release|Any CPU = Release|Any CPU
		Release|Mixed Platforms = Release|Mixed Platforms
		Release|x64 = Release|x64
		Release|x86 = Release|x86
		SingleImage|Any CPU = SingleImage|Any CPU
		SingleImage|Mixed Platforms = SingleImage|Mixed Platforms
		SingleImage|x64 = SingleImage|x64
		SingleImage|x86 = SingleImage|x86
	EndGlobalSection
	GlobalSection(ProjectConfigurationPlatforms) = postSolution
		{A0597B9F-13DE-4313-BEF3-99E923FA8B0D}.CD_ROM|Any CPU.ActiveCfg = Release|Any CPU
		{A0597B9F-13DE-4313-BEF3-99E923FA8B0D}.CD_ROM|Any CPU.Build.0 = Release|Any CPU
		{A0597B9F-13DE-4313-BEF3-99E923FA8B0D}.CD_ROM|Mixed Platforms.ActiveCfg = Release|Any CPU
		{A0597B9F-13DE-4313-BEF3-99E923FA8B0D}.CD_ROM|Mixed Platforms.Build.0 = Release|Any CPU
		{A0597B9F-13DE-4313-BEF3-99E923FA8B0D}.CD_ROM|x64.ActiveCfg = Release|x64
		{A0597B9F-13DE-4313-BEF3-99E923FA8B0D}.CD_ROM|x64.Build.0 = Release|x64
		{A0597B9F-13DE-4313-BEF3-99E923FA8B0D}.CD_ROM|x86.ActiveCfg = Release|Any CPU
		{A0597B9F-13DE-4313-BEF3-99E923FA8B0D}.Debug|Any CPU.ActiveCfg = Debug|Any CPU
		{A0597B9F-13DE-4313-BEF3-99E923FA8B0D}.Debug|Any CPU.Build.0 = Debug|Any CPU
		{A0597B9F-13DE-4313-BEF3-99E923FA8B0D}.Debug|Mixed Platforms.ActiveCfg = Debug|Any CPU
		{A0597B9F-13DE-4313-BEF3-99E923FA8B0D}.Debug|Mixed Platforms.Build.0 = Debug|Any CPU
		{A0597B9F-13DE-4313-BEF3-99E923FA8B0D}.Debug|x64.ActiveCfg = Debug|x64
		{A0597B9F-13DE-4313-BEF3-99E923FA8B0D}.Debug|x64.Build.0 = Debug|x64
		{A0597B9F-13DE-4313-BEF3-99E923FA8B0D}.Debug|x86.ActiveCfg = Debug|Any CPU
		{A0597B9F-13DE-4313-BEF3-99E923FA8B0D}.Debug|x86.Build.0 = Debug|Any CPU
		{A0597B9F-13DE-4313-BEF3-99E923FA8B0D}.DVD-5|Any CPU.ActiveCfg = Debug|Any CPU
		{A0597B9F-13DE-4313-BEF3-99E923FA8B0D}.DVD-5|Any CPU.Build.0 = Debug|Any CPU
		{A0597B9F-13DE-4313-BEF3-99E923FA8B0D}.DVD-5|Mixed Platforms.ActiveCfg = Debug|Any CPU
		{A0597B9F-13DE-4313-BEF3-99E923FA8B0D}.DVD-5|Mixed Platforms.Build.0 = Debug|Any CPU
		{A0597B9F-13DE-4313-BEF3-99E923FA8B0D}.DVD-5|x64.ActiveCfg = Debug|x64
		{A0597B9F-13DE-4313-BEF3-99E923FA8B0D}.DVD-5|x64.Build.0 = Debug|x64
		{A0597B9F-13DE-4313-BEF3-99E923FA8B0D}.DVD-5|x86.ActiveCfg = Debug|Any CPU
		{A0597B9F-13DE-4313-BEF3-99E923FA8B0D}.Release|Any CPU.ActiveCfg = Release|Any CPU
		{A0597B9F-13DE-4313-BEF3-99E923FA8B0D}.Release|Any CPU.Build.0 = Release|Any CPU
		{A0597B9F-13DE-4313-BEF3-99E923FA8B0D}.Release|Mixed Platforms.ActiveCfg = Release|Any CPU
		{A0597B9F-13DE-4313-BEF3-99E923FA8B0D}.Release|Mixed Platforms.Build.0 = Release|Any CPU
		{A0597B9F-13DE-4313-BEF3-99E923FA8B0D}.Release|x64.ActiveCfg = Release|x64
		{A0597B9F-13DE-4313-BEF3-99E923FA8B0D}.Release|x64.Build.0 = Release|x64
		{A0597B9F-13DE-4313-BEF3-99E923FA8B0D}.Release|x86.ActiveCfg = Release|Any CPU
		{A0597B9F-13DE-4313-BEF3-99E923FA8B0D}.SingleImage|Any CPU.ActiveCfg = Release|Any CPU
		{A0597B9F-13DE-4313-BEF3-99E923FA8B0D}.SingleImage|Any CPU.Build.0 = Release|Any CPU
		{A0597B9F-13DE-4313-BEF3-99E923FA8B0D}.SingleImage|Mixed Platforms.ActiveCfg = Release|Any CPU
		{A0597B9F-13DE-4313-BEF3-99E923FA8B0D}.SingleImage|Mixed Platforms.Build.0 = Release|Any CPU
		{A0597B9F-13DE-4313-BEF3-99E923FA8B0D}.SingleImage|x64.ActiveCfg = Release|x64
		{A0597B9F-13DE-4313-BEF3-99E923FA8B0D}.SingleImage|x64.Build.0 = Release|x64
		{A0597B9F-13DE-4313-BEF3-99E923FA8B0D}.SingleImage|x86.ActiveCfg = Release|Any CPU
		{852D8D80-2DC1-43AB-8CEE-A621FB8D0544}.CD_ROM|Any CPU.ActiveCfg = Release|x86
		{852D8D80-2DC1-43AB-8CEE-A621FB8D0544}.CD_ROM|Mixed Platforms.ActiveCfg = Release|x86
		{852D8D80-2DC1-43AB-8CEE-A621FB8D0544}.CD_ROM|Mixed Platforms.Build.0 = Release|x86
		{852D8D80-2DC1-43AB-8CEE-A621FB8D0544}.CD_ROM|x64.ActiveCfg = Release|x64
		{852D8D80-2DC1-43AB-8CEE-A621FB8D0544}.CD_ROM|x64.Build.0 = Release|x64
		{852D8D80-2DC1-43AB-8CEE-A621FB8D0544}.CD_ROM|x86.ActiveCfg = Release|x86
		{852D8D80-2DC1-43AB-8CEE-A621FB8D0544}.CD_ROM|x86.Build.0 = Release|x86
		{852D8D80-2DC1-43AB-8CEE-A621FB8D0544}.Debug|Any CPU.ActiveCfg = Debug|Any CPU
		{852D8D80-2DC1-43AB-8CEE-A621FB8D0544}.Debug|Any CPU.Build.0 = Debug|Any CPU
		{852D8D80-2DC1-43AB-8CEE-A621FB8D0544}.Debug|Mixed Platforms.ActiveCfg = Debug|Any CPU
		{852D8D80-2DC1-43AB-8CEE-A621FB8D0544}.Debug|Mixed Platforms.Build.0 = Debug|Any CPU
		{852D8D80-2DC1-43AB-8CEE-A621FB8D0544}.Debug|x64.ActiveCfg = Debug|x64
		{852D8D80-2DC1-43AB-8CEE-A621FB8D0544}.Debug|x64.Build.0 = Debug|x64
		{852D8D80-2DC1-43AB-8CEE-A621FB8D0544}.Debug|x86.ActiveCfg = Debug|x86
		{852D8D80-2DC1-43AB-8CEE-A621FB8D0544}.Debug|x86.Build.0 = Debug|x86
		{852D8D80-2DC1-43AB-8CEE-A621FB8D0544}.DVD-5|Any CPU.ActiveCfg = Debug|x86
		{852D8D80-2DC1-43AB-8CEE-A621FB8D0544}.DVD-5|Mixed Platforms.ActiveCfg = Debug|x86
		{852D8D80-2DC1-43AB-8CEE-A621FB8D0544}.DVD-5|Mixed Platforms.Build.0 = Debug|x86
		{852D8D80-2DC1-43AB-8CEE-A621FB8D0544}.DVD-5|x64.ActiveCfg = Debug|x64
		{852D8D80-2DC1-43AB-8CEE-A621FB8D0544}.DVD-5|x64.Build.0 = Debug|x64
		{852D8D80-2DC1-43AB-8CEE-A621FB8D0544}.DVD-5|x86.ActiveCfg = Debug|x86
		{852D8D80-2DC1-43AB-8CEE-A621FB8D0544}.DVD-5|x86.Build.0 = Debug|x86
		{852D8D80-2DC1-43AB-8CEE-A621FB8D0544}.Release|Any CPU.ActiveCfg = Release|x86
		{852D8D80-2DC1-43AB-8CEE-A621FB8D0544}.Release|Mixed Platforms.ActiveCfg = Release|x86
		{852D8D80-2DC1-43AB-8CEE-A621FB8D0544}.Release|Mixed Platforms.Build.0 = Release|x86
		{852D8D80-2DC1-43AB-8CEE-A621FB8D0544}.Release|x64.ActiveCfg = Release|x64
		{852D8D80-2DC1-43AB-8CEE-A621FB8D0544}.Release|x64.Build.0 = Release|x64
		{852D8D80-2DC1-43AB-8CEE-A621FB8D0544}.Release|x86.ActiveCfg = Release|x86
		{852D8D80-2DC1-43AB-8CEE-A621FB8D0544}.Release|x86.Build.0 = Release|x86
		{852D8D80-2DC1-43AB-8CEE-A621FB8D0544}.SingleImage|Any CPU.ActiveCfg = Release|x86
		{852D8D80-2DC1-43AB-8CEE-A621FB8D0544}.SingleImage|Mixed Platforms.ActiveCfg = Release|x86
		{852D8D80-2DC1-43AB-8CEE-A621FB8D0544}.SingleImage|Mixed Platforms.Build.0 = Release|x86
		{852D8D80-2DC1-43AB-8CEE-A621FB8D0544}.SingleImage|x64.ActiveCfg = Release|x64
		{852D8D80-2DC1-43AB-8CEE-A621FB8D0544}.SingleImage|x64.Build.0 = Release|x64
		{852D8D80-2DC1-43AB-8CEE-A621FB8D0544}.SingleImage|x86.ActiveCfg = Release|x86
		{852D8D80-2DC1-43AB-8CEE-A621FB8D0544}.SingleImage|x86.Build.0 = Release|x86
		{792BB930-74C4-4C2E-9845-2FC1EDEF781C}.CD_ROM|Any CPU.ActiveCfg = Release
		{792BB930-74C4-4C2E-9845-2FC1EDEF781C}.CD_ROM|Any CPU.Build.0 = Release
		{792BB930-74C4-4C2E-9845-2FC1EDEF781C}.CD_ROM|Mixed Platforms.ActiveCfg = Release
		{792BB930-74C4-4C2E-9845-2FC1EDEF781C}.CD_ROM|Mixed Platforms.Build.0 = Release
		{792BB930-74C4-4C2E-9845-2FC1EDEF781C}.CD_ROM|x64.ActiveCfg = Release
		{792BB930-74C4-4C2E-9845-2FC1EDEF781C}.CD_ROM|x64.Build.0 = Release
		{792BB930-74C4-4C2E-9845-2FC1EDEF781C}.CD_ROM|x86.ActiveCfg = Release
		{792BB930-74C4-4C2E-9845-2FC1EDEF781C}.CD_ROM|x86.Build.0 = Release
		{792BB930-74C4-4C2E-9845-2FC1EDEF781C}.Debug|Any CPU.ActiveCfg = Debug
		{792BB930-74C4-4C2E-9845-2FC1EDEF781C}.Debug|Any CPU.Build.0 = Debug
		{792BB930-74C4-4C2E-9845-2FC1EDEF781C}.Debug|Mixed Platforms.ActiveCfg = Debug
		{792BB930-74C4-4C2E-9845-2FC1EDEF781C}.Debug|Mixed Platforms.Build.0 = Debug
		{792BB930-74C4-4C2E-9845-2FC1EDEF781C}.Debug|x64.ActiveCfg = Debug
		{792BB930-74C4-4C2E-9845-2FC1EDEF781C}.Debug|x64.Build.0 = Debug
		{792BB930-74C4-4C2E-9845-2FC1EDEF781C}.Debug|x86.ActiveCfg = Debug
		{792BB930-74C4-4C2E-9845-2FC1EDEF781C}.Debug|x86.Build.0 = Debug
		{792BB930-74C4-4C2E-9845-2FC1EDEF781C}.DVD-5|Any CPU.ActiveCfg = Debug
		{792BB930-74C4-4C2E-9845-2FC1EDEF781C}.DVD-5|Any CPU.Build.0 = Debug
		{792BB930-74C4-4C2E-9845-2FC1EDEF781C}.DVD-5|Mixed Platforms.ActiveCfg = Debug
		{792BB930-74C4-4C2E-9845-2FC1EDEF781C}.DVD-5|Mixed Platforms.Build.0 = Debug
		{792BB930-74C4-4C2E-9845-2FC1EDEF781C}.DVD-5|x64.ActiveCfg = Debug
		{792BB930-74C4-4C2E-9845-2FC1EDEF781C}.DVD-5|x64.Build.0 = Debug
		{792BB930-74C4-4C2E-9845-2FC1EDEF781C}.DVD-5|x86.ActiveCfg = Debug
		{792BB930-74C4-4C2E-9845-2FC1EDEF781C}.DVD-5|x86.Build.0 = Debug
		{792BB930-74C4-4C2E-9845-2FC1EDEF781C}.Release|Any CPU.ActiveCfg = Release
		{792BB930-74C4-4C2E-9845-2FC1EDEF781C}.Release|Mixed Platforms.ActiveCfg = Release
		{792BB930-74C4-4C2E-9845-2FC1EDEF781C}.Release|x64.ActiveCfg = Release
		{792BB930-74C4-4C2E-9845-2FC1EDEF781C}.Release|x64.Build.0 = Release
		{792BB930-74C4-4C2E-9845-2FC1EDEF781C}.Release|x86.ActiveCfg = Release
		{792BB930-74C4-4C2E-9845-2FC1EDEF781C}.SingleImage|Any CPU.ActiveCfg = Release
		{792BB930-74C4-4C2E-9845-2FC1EDEF781C}.SingleImage|Any CPU.Build.0 = Release
		{792BB930-74C4-4C2E-9845-2FC1EDEF781C}.SingleImage|Mixed Platforms.ActiveCfg = Release
		{792BB930-74C4-4C2E-9845-2FC1EDEF781C}.SingleImage|Mixed Platforms.Build.0 = Release
		{792BB930-74C4-4C2E-9845-2FC1EDEF781C}.SingleImage|x64.ActiveCfg = Release
		{792BB930-74C4-4C2E-9845-2FC1EDEF781C}.SingleImage|x64.Build.0 = Release
		{792BB930-74C4-4C2E-9845-2FC1EDEF781C}.SingleImage|x86.ActiveCfg = Release
		{792BB930-74C4-4C2E-9845-2FC1EDEF781C}.SingleImage|x86.Build.0 = Release
		{EFAF0229-36F5-4BB2-84E2-716D070C3A6F}.CD_ROM|Any CPU.ActiveCfg = Release|x86
		{EFAF0229-36F5-4BB2-84E2-716D070C3A6F}.CD_ROM|Mixed Platforms.ActiveCfg = Release|x86
		{EFAF0229-36F5-4BB2-84E2-716D070C3A6F}.CD_ROM|Mixed Platforms.Build.0 = Release|x86
		{EFAF0229-36F5-4BB2-84E2-716D070C3A6F}.CD_ROM|x64.ActiveCfg = Release|x64
		{EFAF0229-36F5-4BB2-84E2-716D070C3A6F}.CD_ROM|x64.Build.0 = Release|x64
		{EFAF0229-36F5-4BB2-84E2-716D070C3A6F}.CD_ROM|x86.ActiveCfg = Release|x86
		{EFAF0229-36F5-4BB2-84E2-716D070C3A6F}.CD_ROM|x86.Build.0 = Release|x86
		{EFAF0229-36F5-4BB2-84E2-716D070C3A6F}.Debug|Any CPU.ActiveCfg = Debug|Any CPU
		{EFAF0229-36F5-4BB2-84E2-716D070C3A6F}.Debug|Any CPU.Build.0 = Debug|Any CPU
		{EFAF0229-36F5-4BB2-84E2-716D070C3A6F}.Debug|Mixed Platforms.ActiveCfg = Debug|Any CPU
		{EFAF0229-36F5-4BB2-84E2-716D070C3A6F}.Debug|Mixed Platforms.Build.0 = Debug|Any CPU
		{EFAF0229-36F5-4BB2-84E2-716D070C3A6F}.Debug|x64.ActiveCfg = Debug|x64
		{EFAF0229-36F5-4BB2-84E2-716D070C3A6F}.Debug|x64.Build.0 = Debug|x64
		{EFAF0229-36F5-4BB2-84E2-716D070C3A6F}.Debug|x86.ActiveCfg = Debug|x86
		{EFAF0229-36F5-4BB2-84E2-716D070C3A6F}.Debug|x86.Build.0 = Debug|x86
		{EFAF0229-36F5-4BB2-84E2-716D070C3A6F}.DVD-5|Any CPU.ActiveCfg = Debug|x86
		{EFAF0229-36F5-4BB2-84E2-716D070C3A6F}.DVD-5|Mixed Platforms.ActiveCfg = Debug|x86
		{EFAF0229-36F5-4BB2-84E2-716D070C3A6F}.DVD-5|Mixed Platforms.Build.0 = Debug|x86
		{EFAF0229-36F5-4BB2-84E2-716D070C3A6F}.DVD-5|x64.ActiveCfg = Debug|x64
		{EFAF0229-36F5-4BB2-84E2-716D070C3A6F}.DVD-5|x64.Build.0 = Debug|x64
		{EFAF0229-36F5-4BB2-84E2-716D070C3A6F}.DVD-5|x86.ActiveCfg = Debug|x86
		{EFAF0229-36F5-4BB2-84E2-716D070C3A6F}.DVD-5|x86.Build.0 = Debug|x86
		{EFAF0229-36F5-4BB2-84E2-716D070C3A6F}.Release|Any CPU.ActiveCfg = Release|x86
		{EFAF0229-36F5-4BB2-84E2-716D070C3A6F}.Release|Mixed Platforms.ActiveCfg = Release|x86
		{EFAF0229-36F5-4BB2-84E2-716D070C3A6F}.Release|Mixed Platforms.Build.0 = Release|x86
		{EFAF0229-36F5-4BB2-84E2-716D070C3A6F}.Release|x64.ActiveCfg = Release|x64
		{EFAF0229-36F5-4BB2-84E2-716D070C3A6F}.Release|x64.Build.0 = Release|x64
		{EFAF0229-36F5-4BB2-84E2-716D070C3A6F}.Release|x86.ActiveCfg = Release|x86
		{EFAF0229-36F5-4BB2-84E2-716D070C3A6F}.Release|x86.Build.0 = Release|x86
		{EFAF0229-36F5-4BB2-84E2-716D070C3A6F}.SingleImage|Any CPU.ActiveCfg = Release|x86
		{EFAF0229-36F5-4BB2-84E2-716D070C3A6F}.SingleImage|Mixed Platforms.ActiveCfg = Release|x86
		{EFAF0229-36F5-4BB2-84E2-716D070C3A6F}.SingleImage|Mixed Platforms.Build.0 = Release|x86
		{EFAF0229-36F5-4BB2-84E2-716D070C3A6F}.SingleImage|x64.ActiveCfg = Release|x64
		{EFAF0229-36F5-4BB2-84E2-716D070C3A6F}.SingleImage|x64.Build.0 = Release|x64
		{EFAF0229-36F5-4BB2-84E2-716D070C3A6F}.SingleImage|x86.ActiveCfg = Release|x86
		{EFAF0229-36F5-4BB2-84E2-716D070C3A6F}.SingleImage|x86.Build.0 = Release|x86
		{436145C7-7050-4ABA-9A89-B588958FF4CF}.CD_ROM|Any CPU.ActiveCfg = Release|x86
		{436145C7-7050-4ABA-9A89-B588958FF4CF}.CD_ROM|Mixed Platforms.ActiveCfg = Release|x86
		{436145C7-7050-4ABA-9A89-B588958FF4CF}.CD_ROM|Mixed Platforms.Build.0 = Release|x86
		{436145C7-7050-4ABA-9A89-B588958FF4CF}.CD_ROM|x64.ActiveCfg = Release|x86
		{436145C7-7050-4ABA-9A89-B588958FF4CF}.CD_ROM|x86.ActiveCfg = Release|x86
		{436145C7-7050-4ABA-9A89-B588958FF4CF}.CD_ROM|x86.Build.0 = Release|x86
		{436145C7-7050-4ABA-9A89-B588958FF4CF}.Debug|Any CPU.ActiveCfg = Debug|Any CPU
		{436145C7-7050-4ABA-9A89-B588958FF4CF}.Debug|Any CPU.Build.0 = Debug|Any CPU
		{436145C7-7050-4ABA-9A89-B588958FF4CF}.Debug|Mixed Platforms.ActiveCfg = Debug|x86
		{436145C7-7050-4ABA-9A89-B588958FF4CF}.Debug|Mixed Platforms.Build.0 = Debug|x86
		{436145C7-7050-4ABA-9A89-B588958FF4CF}.Debug|x64.ActiveCfg = Debug|x86
		{436145C7-7050-4ABA-9A89-B588958FF4CF}.Debug|x86.ActiveCfg = Debug|x86
		{436145C7-7050-4ABA-9A89-B588958FF4CF}.Debug|x86.Build.0 = Debug|x86
		{436145C7-7050-4ABA-9A89-B588958FF4CF}.DVD-5|Any CPU.ActiveCfg = Debug|x86
		{436145C7-7050-4ABA-9A89-B588958FF4CF}.DVD-5|Mixed Platforms.ActiveCfg = Debug|x86
		{436145C7-7050-4ABA-9A89-B588958FF4CF}.DVD-5|Mixed Platforms.Build.0 = Debug|x86
		{436145C7-7050-4ABA-9A89-B588958FF4CF}.DVD-5|x64.ActiveCfg = Debug|x86
		{436145C7-7050-4ABA-9A89-B588958FF4CF}.DVD-5|x86.ActiveCfg = Debug|x86
		{436145C7-7050-4ABA-9A89-B588958FF4CF}.DVD-5|x86.Build.0 = Debug|x86
		{436145C7-7050-4ABA-9A89-B588958FF4CF}.Release|Any CPU.ActiveCfg = Release|x86
		{436145C7-7050-4ABA-9A89-B588958FF4CF}.Release|Mixed Platforms.ActiveCfg = Release|x86
		{436145C7-7050-4ABA-9A89-B588958FF4CF}.Release|Mixed Platforms.Build.0 = Release|x86
		{436145C7-7050-4ABA-9A89-B588958FF4CF}.Release|x64.ActiveCfg = Release|x86
		{436145C7-7050-4ABA-9A89-B588958FF4CF}.Release|x86.ActiveCfg = Release|x86
		{436145C7-7050-4ABA-9A89-B588958FF4CF}.Release|x86.Build.0 = Release|x86
		{436145C7-7050-4ABA-9A89-B588958FF4CF}.SingleImage|Any CPU.ActiveCfg = Release|x86
		{436145C7-7050-4ABA-9A89-B588958FF4CF}.SingleImage|Mixed Platforms.ActiveCfg = Release|x86
		{436145C7-7050-4ABA-9A89-B588958FF4CF}.SingleImage|Mixed Platforms.Build.0 = Release|x86
		{436145C7-7050-4ABA-9A89-B588958FF4CF}.SingleImage|x64.ActiveCfg = Release|x86
		{436145C7-7050-4ABA-9A89-B588958FF4CF}.SingleImage|x86.ActiveCfg = Release|x86
		{436145C7-7050-4ABA-9A89-B588958FF4CF}.SingleImage|x86.Build.0 = Release|x86
		{E3242697-9AEC-4EA2-B97B-A95666DA10A7}.CD_ROM|Any CPU.ActiveCfg = Release|x86
		{E3242697-9AEC-4EA2-B97B-A95666DA10A7}.CD_ROM|Mixed Platforms.ActiveCfg = Release|x86
		{E3242697-9AEC-4EA2-B97B-A95666DA10A7}.CD_ROM|Mixed Platforms.Build.0 = Release|x86
		{E3242697-9AEC-4EA2-B97B-A95666DA10A7}.CD_ROM|x64.ActiveCfg = Release|x86
		{E3242697-9AEC-4EA2-B97B-A95666DA10A7}.CD_ROM|x86.ActiveCfg = Release|x86
		{E3242697-9AEC-4EA2-B97B-A95666DA10A7}.CD_ROM|x86.Build.0 = Release|x86
		{E3242697-9AEC-4EA2-B97B-A95666DA10A7}.Debug|Any CPU.ActiveCfg = Debug|Any CPU
		{E3242697-9AEC-4EA2-B97B-A95666DA10A7}.Debug|Any CPU.Build.0 = Debug|Any CPU
		{E3242697-9AEC-4EA2-B97B-A95666DA10A7}.Debug|Mixed Platforms.ActiveCfg = Debug|x86
		{E3242697-9AEC-4EA2-B97B-A95666DA10A7}.Debug|Mixed Platforms.Build.0 = Debug|x86
		{E3242697-9AEC-4EA2-B97B-A95666DA10A7}.Debug|x64.ActiveCfg = Debug|x86
		{E3242697-9AEC-4EA2-B97B-A95666DA10A7}.Debug|x86.ActiveCfg = Debug|x86
		{E3242697-9AEC-4EA2-B97B-A95666DA10A7}.Debug|x86.Build.0 = Debug|x86
		{E3242697-9AEC-4EA2-B97B-A95666DA10A7}.DVD-5|Any CPU.ActiveCfg = Debug|x86
		{E3242697-9AEC-4EA2-B97B-A95666DA10A7}.DVD-5|Mixed Platforms.ActiveCfg = Debug|x86
		{E3242697-9AEC-4EA2-B97B-A95666DA10A7}.DVD-5|Mixed Platforms.Build.0 = Debug|x86
		{E3242697-9AEC-4EA2-B97B-A95666DA10A7}.DVD-5|x64.ActiveCfg = Debug|x86
		{E3242697-9AEC-4EA2-B97B-A95666DA10A7}.DVD-5|x86.ActiveCfg = Debug|x86
		{E3242697-9AEC-4EA2-B97B-A95666DA10A7}.DVD-5|x86.Build.0 = Debug|x86
		{E3242697-9AEC-4EA2-B97B-A95666DA10A7}.Release|Any CPU.ActiveCfg = Release|x86
		{E3242697-9AEC-4EA2-B97B-A95666DA10A7}.Release|Mixed Platforms.ActiveCfg = Release|x86
		{E3242697-9AEC-4EA2-B97B-A95666DA10A7}.Release|Mixed Platforms.Build.0 = Release|x86
		{E3242697-9AEC-4EA2-B97B-A95666DA10A7}.Release|x64.ActiveCfg = Release|x86
		{E3242697-9AEC-4EA2-B97B-A95666DA10A7}.Release|x86.ActiveCfg = Release|x86
		{E3242697-9AEC-4EA2-B97B-A95666DA10A7}.Release|x86.Build.0 = Release|x86
		{E3242697-9AEC-4EA2-B97B-A95666DA10A7}.SingleImage|Any CPU.ActiveCfg = Release|x86
		{E3242697-9AEC-4EA2-B97B-A95666DA10A7}.SingleImage|Mixed Platforms.ActiveCfg = Release|x86
		{E3242697-9AEC-4EA2-B97B-A95666DA10A7}.SingleImage|Mixed Platforms.Build.0 = Release|x86
		{E3242697-9AEC-4EA2-B97B-A95666DA10A7}.SingleImage|x64.ActiveCfg = Release|x86
		{E3242697-9AEC-4EA2-B97B-A95666DA10A7}.SingleImage|x86.ActiveCfg = Release|x86
		{E3242697-9AEC-4EA2-B97B-A95666DA10A7}.SingleImage|x86.Build.0 = Release|x86
		{F32D2512-5F82-484E-8A7E-1E2A91A91B7C}.CD_ROM|Any CPU.ActiveCfg = Release|x86
		{F32D2512-5F82-484E-8A7E-1E2A91A91B7C}.CD_ROM|Mixed Platforms.ActiveCfg = Release|x86
		{F32D2512-5F82-484E-8A7E-1E2A91A91B7C}.CD_ROM|Mixed Platforms.Build.0 = Release|x86
		{F32D2512-5F82-484E-8A7E-1E2A91A91B7C}.CD_ROM|x64.ActiveCfg = Release|x86
		{F32D2512-5F82-484E-8A7E-1E2A91A91B7C}.CD_ROM|x86.ActiveCfg = Release|x86
		{F32D2512-5F82-484E-8A7E-1E2A91A91B7C}.CD_ROM|x86.Build.0 = Release|x86
		{F32D2512-5F82-484E-8A7E-1E2A91A91B7C}.Debug|Any CPU.ActiveCfg = Debug|Any CPU
		{F32D2512-5F82-484E-8A7E-1E2A91A91B7C}.Debug|Any CPU.Build.0 = Debug|Any CPU
		{F32D2512-5F82-484E-8A7E-1E2A91A91B7C}.Debug|Mixed Platforms.ActiveCfg = Debug|x86
		{F32D2512-5F82-484E-8A7E-1E2A91A91B7C}.Debug|Mixed Platforms.Build.0 = Debug|x86
		{F32D2512-5F82-484E-8A7E-1E2A91A91B7C}.Debug|x64.ActiveCfg = Debug|x86
		{F32D2512-5F82-484E-8A7E-1E2A91A91B7C}.Debug|x86.ActiveCfg = Debug|x86
		{F32D2512-5F82-484E-8A7E-1E2A91A91B7C}.Debug|x86.Build.0 = Debug|x86
		{F32D2512-5F82-484E-8A7E-1E2A91A91B7C}.DVD-5|Any CPU.ActiveCfg = Debug|x86
		{F32D2512-5F82-484E-8A7E-1E2A91A91B7C}.DVD-5|Mixed Platforms.ActiveCfg = Debug|x86
		{F32D2512-5F82-484E-8A7E-1E2A91A91B7C}.DVD-5|Mixed Platforms.Build.0 = Debug|x86
		{F32D2512-5F82-484E-8A7E-1E2A91A91B7C}.DVD-5|x64.ActiveCfg = Debug|x86
		{F32D2512-5F82-484E-8A7E-1E2A91A91B7C}.DVD-5|x86.ActiveCfg = Debug|x86
		{F32D2512-5F82-484E-8A7E-1E2A91A91B7C}.DVD-5|x86.Build.0 = Debug|x86
		{F32D2512-5F82-484E-8A7E-1E2A91A91B7C}.Release|Any CPU.ActiveCfg = Release|x86
		{F32D2512-5F82-484E-8A7E-1E2A91A91B7C}.Release|Mixed Platforms.ActiveCfg = Release|x86
		{F32D2512-5F82-484E-8A7E-1E2A91A91B7C}.Release|Mixed Platforms.Build.0 = Release|x86
		{F32D2512-5F82-484E-8A7E-1E2A91A91B7C}.Release|x64.ActiveCfg = Release|x86
		{F32D2512-5F82-484E-8A7E-1E2A91A91B7C}.Release|x86.ActiveCfg = Release|x86
		{F32D2512-5F82-484E-8A7E-1E2A91A91B7C}.Release|x86.Build.0 = Release|x86
		{F32D2512-5F82-484E-8A7E-1E2A91A91B7C}.SingleImage|Any CPU.ActiveCfg = Release|x86
		{F32D2512-5F82-484E-8A7E-1E2A91A91B7C}.SingleImage|Mixed Platforms.ActiveCfg = Release|x86
		{F32D2512-5F82-484E-8A7E-1E2A91A91B7C}.SingleImage|Mixed Platforms.Build.0 = Release|x86
		{F32D2512-5F82-484E-8A7E-1E2A91A91B7C}.SingleImage|x64.ActiveCfg = Release|x86
		{F32D2512-5F82-484E-8A7E-1E2A91A91B7C}.SingleImage|x86.ActiveCfg = Release|x86
		{F32D2512-5F82-484E-8A7E-1E2A91A91B7C}.SingleImage|x86.Build.0 = Release|x86
		{B13C38A2-E3F7-4839-9832-B0676C2F5A55}.CD_ROM|Any CPU.ActiveCfg = Release|x86
		{B13C38A2-E3F7-4839-9832-B0676C2F5A55}.CD_ROM|Mixed Platforms.ActiveCfg = Release|x86
		{B13C38A2-E3F7-4839-9832-B0676C2F5A55}.CD_ROM|Mixed Platforms.Build.0 = Release|x86
		{B13C38A2-E3F7-4839-9832-B0676C2F5A55}.CD_ROM|x64.ActiveCfg = Release|x86
		{B13C38A2-E3F7-4839-9832-B0676C2F5A55}.CD_ROM|x86.ActiveCfg = Release|x86
		{B13C38A2-E3F7-4839-9832-B0676C2F5A55}.CD_ROM|x86.Build.0 = Release|x86
		{B13C38A2-E3F7-4839-9832-B0676C2F5A55}.Debug|Any CPU.ActiveCfg = Debug|x86
		{B13C38A2-E3F7-4839-9832-B0676C2F5A55}.Debug|Mixed Platforms.ActiveCfg = Debug|x86
		{B13C38A2-E3F7-4839-9832-B0676C2F5A55}.Debug|Mixed Platforms.Build.0 = Debug|x86
		{B13C38A2-E3F7-4839-9832-B0676C2F5A55}.Debug|x64.ActiveCfg = Debug|x86
		{B13C38A2-E3F7-4839-9832-B0676C2F5A55}.Debug|x86.ActiveCfg = Debug|x86
		{B13C38A2-E3F7-4839-9832-B0676C2F5A55}.Debug|x86.Build.0 = Debug|x86
		{B13C38A2-E3F7-4839-9832-B0676C2F5A55}.DVD-5|Any CPU.ActiveCfg = Debug|x86
		{B13C38A2-E3F7-4839-9832-B0676C2F5A55}.DVD-5|Mixed Platforms.ActiveCfg = Debug|x86
		{B13C38A2-E3F7-4839-9832-B0676C2F5A55}.DVD-5|Mixed Platforms.Build.0 = Debug|x86
		{B13C38A2-E3F7-4839-9832-B0676C2F5A55}.DVD-5|x64.ActiveCfg = Debug|x86
		{B13C38A2-E3F7-4839-9832-B0676C2F5A55}.DVD-5|x86.ActiveCfg = Debug|x86
		{B13C38A2-E3F7-4839-9832-B0676C2F5A55}.DVD-5|x86.Build.0 = Debug|x86
		{B13C38A2-E3F7-4839-9832-B0676C2F5A55}.Release|Any CPU.ActiveCfg = Release|x86
		{B13C38A2-E3F7-4839-9832-B0676C2F5A55}.Release|Mixed Platforms.ActiveCfg = Release|x86
		{B13C38A2-E3F7-4839-9832-B0676C2F5A55}.Release|Mixed Platforms.Build.0 = Release|x86
		{B13C38A2-E3F7-4839-9832-B0676C2F5A55}.Release|x64.ActiveCfg = Release|x86
		{B13C38A2-E3F7-4839-9832-B0676C2F5A55}.Release|x86.ActiveCfg = Release|x86
		{B13C38A2-E3F7-4839-9832-B0676C2F5A55}.Release|x86.Build.0 = Release|x86
		{B13C38A2-E3F7-4839-9832-B0676C2F5A55}.SingleImage|Any CPU.ActiveCfg = Release|x86
		{B13C38A2-E3F7-4839-9832-B0676C2F5A55}.SingleImage|Mixed Platforms.ActiveCfg = Release|x86
		{B13C38A2-E3F7-4839-9832-B0676C2F5A55}.SingleImage|Mixed Platforms.Build.0 = Release|x86
		{B13C38A2-E3F7-4839-9832-B0676C2F5A55}.SingleImage|x64.ActiveCfg = Release|x86
		{B13C38A2-E3F7-4839-9832-B0676C2F5A55}.SingleImage|x86.ActiveCfg = Release|x86
		{B13C38A2-E3F7-4839-9832-B0676C2F5A55}.SingleImage|x86.Build.0 = Release|x86
		{0DD04696-FBCD-4F70-BEA6-BF9B147F78FE}.CD_ROM|Any CPU.ActiveCfg = Release|Any CPU
		{0DD04696-FBCD-4F70-BEA6-BF9B147F78FE}.CD_ROM|Any CPU.Build.0 = Release|Any CPU
		{0DD04696-FBCD-4F70-BEA6-BF9B147F78FE}.CD_ROM|Mixed Platforms.ActiveCfg = Release|Any CPU
		{0DD04696-FBCD-4F70-BEA6-BF9B147F78FE}.CD_ROM|Mixed Platforms.Build.0 = Release|Any CPU
		{0DD04696-FBCD-4F70-BEA6-BF9B147F78FE}.CD_ROM|x64.ActiveCfg = Release|Any CPU
		{0DD04696-FBCD-4F70-BEA6-BF9B147F78FE}.CD_ROM|x86.ActiveCfg = Release|Any CPU
		{0DD04696-FBCD-4F70-BEA6-BF9B147F78FE}.Debug|Any CPU.ActiveCfg = Debug|Any CPU
		{0DD04696-FBCD-4F70-BEA6-BF9B147F78FE}.Debug|Any CPU.Build.0 = Debug|Any CPU
		{0DD04696-FBCD-4F70-BEA6-BF9B147F78FE}.Debug|Mixed Platforms.ActiveCfg = Debug|Any CPU
		{0DD04696-FBCD-4F70-BEA6-BF9B147F78FE}.Debug|Mixed Platforms.Build.0 = Debug|Any CPU
		{0DD04696-FBCD-4F70-BEA6-BF9B147F78FE}.Debug|x64.ActiveCfg = Debug|Any CPU
		{0DD04696-FBCD-4F70-BEA6-BF9B147F78FE}.Debug|x86.ActiveCfg = Debug|Any CPU
		{0DD04696-FBCD-4F70-BEA6-BF9B147F78FE}.DVD-5|Any CPU.ActiveCfg = Debug|Any CPU
		{0DD04696-FBCD-4F70-BEA6-BF9B147F78FE}.DVD-5|Any CPU.Build.0 = Debug|Any CPU
		{0DD04696-FBCD-4F70-BEA6-BF9B147F78FE}.DVD-5|Mixed Platforms.ActiveCfg = Debug|Any CPU
		{0DD04696-FBCD-4F70-BEA6-BF9B147F78FE}.DVD-5|Mixed Platforms.Build.0 = Debug|Any CPU
		{0DD04696-FBCD-4F70-BEA6-BF9B147F78FE}.DVD-5|x64.ActiveCfg = Debug|Any CPU
		{0DD04696-FBCD-4F70-BEA6-BF9B147F78FE}.DVD-5|x86.ActiveCfg = Debug|Any CPU
		{0DD04696-FBCD-4F70-BEA6-BF9B147F78FE}.Release|Any CPU.ActiveCfg = Release|Any CPU
		{0DD04696-FBCD-4F70-BEA6-BF9B147F78FE}.Release|Any CPU.Build.0 = Release|Any CPU
		{0DD04696-FBCD-4F70-BEA6-BF9B147F78FE}.Release|Mixed Platforms.ActiveCfg = Release|Any CPU
		{0DD04696-FBCD-4F70-BEA6-BF9B147F78FE}.Release|Mixed Platforms.Build.0 = Release|Any CPU
		{0DD04696-FBCD-4F70-BEA6-BF9B147F78FE}.Release|x64.ActiveCfg = Release|Any CPU
		{0DD04696-FBCD-4F70-BEA6-BF9B147F78FE}.Release|x86.ActiveCfg = Release|Any CPU
		{0DD04696-FBCD-4F70-BEA6-BF9B147F78FE}.SingleImage|Any CPU.ActiveCfg = Release|Any CPU
		{0DD04696-FBCD-4F70-BEA6-BF9B147F78FE}.SingleImage|Any CPU.Build.0 = Release|Any CPU
		{0DD04696-FBCD-4F70-BEA6-BF9B147F78FE}.SingleImage|Mixed Platforms.ActiveCfg = Release|Any CPU
		{0DD04696-FBCD-4F70-BEA6-BF9B147F78FE}.SingleImage|Mixed Platforms.Build.0 = Release|Any CPU
		{0DD04696-FBCD-4F70-BEA6-BF9B147F78FE}.SingleImage|x64.ActiveCfg = Release|Any CPU
		{0DD04696-FBCD-4F70-BEA6-BF9B147F78FE}.SingleImage|x86.ActiveCfg = Release|Any CPU
		{60446531-0D0B-4CB4-B1C3-69F3D5AB108D}.CD_ROM|Any CPU.ActiveCfg = Release|Any CPU
		{60446531-0D0B-4CB4-B1C3-69F3D5AB108D}.CD_ROM|Any CPU.Build.0 = Release|Any CPU
		{60446531-0D0B-4CB4-B1C3-69F3D5AB108D}.CD_ROM|Mixed Platforms.ActiveCfg = Release|Any CPU
		{60446531-0D0B-4CB4-B1C3-69F3D5AB108D}.CD_ROM|Mixed Platforms.Build.0 = Release|Any CPU
		{60446531-0D0B-4CB4-B1C3-69F3D5AB108D}.CD_ROM|x64.ActiveCfg = Release|Any CPU
		{60446531-0D0B-4CB4-B1C3-69F3D5AB108D}.CD_ROM|x86.ActiveCfg = Release|Any CPU
		{60446531-0D0B-4CB4-B1C3-69F3D5AB108D}.Debug|Any CPU.ActiveCfg = Debug|Any CPU
		{60446531-0D0B-4CB4-B1C3-69F3D5AB108D}.Debug|Any CPU.Build.0 = Debug|Any CPU
		{60446531-0D0B-4CB4-B1C3-69F3D5AB108D}.Debug|Mixed Platforms.ActiveCfg = Debug|Any CPU
		{60446531-0D0B-4CB4-B1C3-69F3D5AB108D}.Debug|Mixed Platforms.Build.0 = Debug|Any CPU
		{60446531-0D0B-4CB4-B1C3-69F3D5AB108D}.Debug|x64.ActiveCfg = Debug|Any CPU
		{60446531-0D0B-4CB4-B1C3-69F3D5AB108D}.Debug|x86.ActiveCfg = Debug|Any CPU
		{60446531-0D0B-4CB4-B1C3-69F3D5AB108D}.DVD-5|Any CPU.ActiveCfg = Debug|Any CPU
		{60446531-0D0B-4CB4-B1C3-69F3D5AB108D}.DVD-5|Any CPU.Build.0 = Debug|Any CPU
		{60446531-0D0B-4CB4-B1C3-69F3D5AB108D}.DVD-5|Mixed Platforms.ActiveCfg = Debug|Any CPU
		{60446531-0D0B-4CB4-B1C3-69F3D5AB108D}.DVD-5|Mixed Platforms.Build.0 = Debug|Any CPU
		{60446531-0D0B-4CB4-B1C3-69F3D5AB108D}.DVD-5|x64.ActiveCfg = Debug|Any CPU
		{60446531-0D0B-4CB4-B1C3-69F3D5AB108D}.DVD-5|x86.ActiveCfg = Debug|Any CPU
		{60446531-0D0B-4CB4-B1C3-69F3D5AB108D}.Release|Any CPU.ActiveCfg = Release|Any CPU
		{60446531-0D0B-4CB4-B1C3-69F3D5AB108D}.Release|Any CPU.Build.0 = Release|Any CPU
		{60446531-0D0B-4CB4-B1C3-69F3D5AB108D}.Release|Mixed Platforms.ActiveCfg = Release|Any CPU
		{60446531-0D0B-4CB4-B1C3-69F3D5AB108D}.Release|Mixed Platforms.Build.0 = Release|Any CPU
		{60446531-0D0B-4CB4-B1C3-69F3D5AB108D}.Release|x64.ActiveCfg = Release|Any CPU
		{60446531-0D0B-4CB4-B1C3-69F3D5AB108D}.Release|x86.ActiveCfg = Release|Any CPU
		{60446531-0D0B-4CB4-B1C3-69F3D5AB108D}.SingleImage|Any CPU.ActiveCfg = Release|Any CPU
		{60446531-0D0B-4CB4-B1C3-69F3D5AB108D}.SingleImage|Any CPU.Build.0 = Release|Any CPU
		{60446531-0D0B-4CB4-B1C3-69F3D5AB108D}.SingleImage|Mixed Platforms.ActiveCfg = Release|Any CPU
		{60446531-0D0B-4CB4-B1C3-69F3D5AB108D}.SingleImage|Mixed Platforms.Build.0 = Release|Any CPU
		{60446531-0D0B-4CB4-B1C3-69F3D5AB108D}.SingleImage|x64.ActiveCfg = Release|Any CPU
		{60446531-0D0B-4CB4-B1C3-69F3D5AB108D}.SingleImage|x86.ActiveCfg = Release|Any CPU
		{17DE0574-E07D-4687-937F-0643C6DEA7B9}.CD_ROM|Any CPU.ActiveCfg = Release|x86
		{17DE0574-E07D-4687-937F-0643C6DEA7B9}.CD_ROM|Mixed Platforms.ActiveCfg = Release|x86
		{17DE0574-E07D-4687-937F-0643C6DEA7B9}.CD_ROM|Mixed Platforms.Build.0 = Release|x86
		{17DE0574-E07D-4687-937F-0643C6DEA7B9}.CD_ROM|x64.ActiveCfg = Release|x86
		{17DE0574-E07D-4687-937F-0643C6DEA7B9}.CD_ROM|x86.ActiveCfg = Release|x86
		{17DE0574-E07D-4687-937F-0643C6DEA7B9}.CD_ROM|x86.Build.0 = Release|x86
		{17DE0574-E07D-4687-937F-0643C6DEA7B9}.Debug|Any CPU.ActiveCfg = Debug|x86
		{17DE0574-E07D-4687-937F-0643C6DEA7B9}.Debug|Mixed Platforms.ActiveCfg = Debug|x86
		{17DE0574-E07D-4687-937F-0643C6DEA7B9}.Debug|Mixed Platforms.Build.0 = Debug|x86
		{17DE0574-E07D-4687-937F-0643C6DEA7B9}.Debug|x64.ActiveCfg = Debug|x86
		{17DE0574-E07D-4687-937F-0643C6DEA7B9}.Debug|x86.ActiveCfg = Debug|x86
		{17DE0574-E07D-4687-937F-0643C6DEA7B9}.Debug|x86.Build.0 = Debug|x86
		{17DE0574-E07D-4687-937F-0643C6DEA7B9}.DVD-5|Any CPU.ActiveCfg = Debug|x86
		{17DE0574-E07D-4687-937F-0643C6DEA7B9}.DVD-5|Mixed Platforms.ActiveCfg = Debug|x86
		{17DE0574-E07D-4687-937F-0643C6DEA7B9}.DVD-5|Mixed Platforms.Build.0 = Debug|x86
		{17DE0574-E07D-4687-937F-0643C6DEA7B9}.DVD-5|x64.ActiveCfg = Debug|x86
		{17DE0574-E07D-4687-937F-0643C6DEA7B9}.DVD-5|x86.ActiveCfg = Debug|x86
		{17DE0574-E07D-4687-937F-0643C6DEA7B9}.DVD-5|x86.Build.0 = Debug|x86
		{17DE0574-E07D-4687-937F-0643C6DEA7B9}.Release|Any CPU.ActiveCfg = Release|x86
		{17DE0574-E07D-4687-937F-0643C6DEA7B9}.Release|Mixed Platforms.ActiveCfg = Release|x86
		{17DE0574-E07D-4687-937F-0643C6DEA7B9}.Release|Mixed Platforms.Build.0 = Release|x86
		{17DE0574-E07D-4687-937F-0643C6DEA7B9}.Release|x64.ActiveCfg = Release|x86
		{17DE0574-E07D-4687-937F-0643C6DEA7B9}.Release|x86.ActiveCfg = Release|x86
		{17DE0574-E07D-4687-937F-0643C6DEA7B9}.Release|x86.Build.0 = Release|x86
		{17DE0574-E07D-4687-937F-0643C6DEA7B9}.SingleImage|Any CPU.ActiveCfg = Release|x86
		{17DE0574-E07D-4687-937F-0643C6DEA7B9}.SingleImage|Mixed Platforms.ActiveCfg = Release|x86
		{17DE0574-E07D-4687-937F-0643C6DEA7B9}.SingleImage|Mixed Platforms.Build.0 = Release|x86
		{17DE0574-E07D-4687-937F-0643C6DEA7B9}.SingleImage|x64.ActiveCfg = Release|x86
		{17DE0574-E07D-4687-937F-0643C6DEA7B9}.SingleImage|x86.ActiveCfg = Release|x86
		{17DE0574-E07D-4687-937F-0643C6DEA7B9}.SingleImage|x86.Build.0 = Release|x86
		{03FD0CB2-EA91-41F5-B990-E4E4D8BE4E6A}.CD_ROM|Any CPU.ActiveCfg = Release|x86
		{03FD0CB2-EA91-41F5-B990-E4E4D8BE4E6A}.CD_ROM|Mixed Platforms.ActiveCfg = Release|x86
		{03FD0CB2-EA91-41F5-B990-E4E4D8BE4E6A}.CD_ROM|Mixed Platforms.Build.0 = Release|x86
		{03FD0CB2-EA91-41F5-B990-E4E4D8BE4E6A}.CD_ROM|x64.ActiveCfg = Release|x86
		{03FD0CB2-EA91-41F5-B990-E4E4D8BE4E6A}.CD_ROM|x86.ActiveCfg = Release|x86
		{03FD0CB2-EA91-41F5-B990-E4E4D8BE4E6A}.CD_ROM|x86.Build.0 = Release|x86
		{03FD0CB2-EA91-41F5-B990-E4E4D8BE4E6A}.Debug|Any CPU.ActiveCfg = Debug|x86
		{03FD0CB2-EA91-41F5-B990-E4E4D8BE4E6A}.Debug|Mixed Platforms.ActiveCfg = Debug|x86
		{03FD0CB2-EA91-41F5-B990-E4E4D8BE4E6A}.Debug|Mixed Platforms.Build.0 = Debug|x86
		{03FD0CB2-EA91-41F5-B990-E4E4D8BE4E6A}.Debug|x64.ActiveCfg = Debug|x86
		{03FD0CB2-EA91-41F5-B990-E4E4D8BE4E6A}.Debug|x86.ActiveCfg = Debug|x86
		{03FD0CB2-EA91-41F5-B990-E4E4D8BE4E6A}.Debug|x86.Build.0 = Debug|x86
		{03FD0CB2-EA91-41F5-B990-E4E4D8BE4E6A}.DVD-5|Any CPU.ActiveCfg = Debug|x86
		{03FD0CB2-EA91-41F5-B990-E4E4D8BE4E6A}.DVD-5|Mixed Platforms.ActiveCfg = Debug|x86
		{03FD0CB2-EA91-41F5-B990-E4E4D8BE4E6A}.DVD-5|Mixed Platforms.Build.0 = Debug|x86
		{03FD0CB2-EA91-41F5-B990-E4E4D8BE4E6A}.DVD-5|x64.ActiveCfg = Debug|x86
		{03FD0CB2-EA91-41F5-B990-E4E4D8BE4E6A}.DVD-5|x86.ActiveCfg = Debug|x86
		{03FD0CB2-EA91-41F5-B990-E4E4D8BE4E6A}.DVD-5|x86.Build.0 = Debug|x86
		{03FD0CB2-EA91-41F5-B990-E4E4D8BE4E6A}.Release|Any CPU.ActiveCfg = Release|x86
		{03FD0CB2-EA91-41F5-B990-E4E4D8BE4E6A}.Release|Mixed Platforms.ActiveCfg = Release|x86
		{03FD0CB2-EA91-41F5-B990-E4E4D8BE4E6A}.Release|Mixed Platforms.Build.0 = Release|x86
		{03FD0CB2-EA91-41F5-B990-E4E4D8BE4E6A}.Release|x64.ActiveCfg = Release|x86
		{03FD0CB2-EA91-41F5-B990-E4E4D8BE4E6A}.Release|x86.ActiveCfg = Release|x86
		{03FD0CB2-EA91-41F5-B990-E4E4D8BE4E6A}.Release|x86.Build.0 = Release|x86
		{03FD0CB2-EA91-41F5-B990-E4E4D8BE4E6A}.SingleImage|Any CPU.ActiveCfg = Release|x86
		{03FD0CB2-EA91-41F5-B990-E4E4D8BE4E6A}.SingleImage|Mixed Platforms.ActiveCfg = Release|x86
		{03FD0CB2-EA91-41F5-B990-E4E4D8BE4E6A}.SingleImage|Mixed Platforms.Build.0 = Release|x86
		{03FD0CB2-EA91-41F5-B990-E4E4D8BE4E6A}.SingleImage|x64.ActiveCfg = Release|x86
		{03FD0CB2-EA91-41F5-B990-E4E4D8BE4E6A}.SingleImage|x86.ActiveCfg = Release|x86
		{03FD0CB2-EA91-41F5-B990-E4E4D8BE4E6A}.SingleImage|x86.Build.0 = Release|x86
	EndGlobalSection
	GlobalSection(SolutionProperties) = preSolution
		HideSolutionNode = FALSE
	EndGlobalSection
EndGlobal
